
Microsoft Visual Studio Solution File, Format Version 12.00
# Visual Studio Version 17
VisualStudioVersion = 17.8.34511.84
MinimumVisualStudioVersion = 10.0.40219.1
Project("{FAE04EC0-301F-11D3-BF4B-00C04F79EFBC}") = "GuessGame", "GuessGame\GuessGame.csproj", "{C1F420BD-6D29-45D2-A29C-A761EC622633}"
EndProject
Global
	GlobalSection(SolutionConfigurationPlatforms) = preSolution
		Debug|Any CPU = Debug|Any CPU
		Release|Any CPU = Release|Any CPU
	EndGlobalSection
	GlobalSection(ProjectConfigurationPlatforms) = postSolution
		{C1F420BD-6D29-45D2-A29C-A761EC622633}.Debug|Any CPU.ActiveCfg = Debug|Any CPU
		{C1F420BD-6D29-45D2-A29C-A761EC622633}.Debug|Any CPU.Build.0 = Debug|Any CPU
		{C1F420BD-6D29-45D2-A29C-A761EC622633}.Release|Any CPU.ActiveCfg = Release|Any CPU
		{C1F420BD-6D29-45D2-A29C-A761EC622633}.Release|Any CPU.Build.0 = Release|Any CPU
	EndGlobalSection
	GlobalSection(SolutionProperties) = preSolution
		HideSolutionNode = FALSE
	EndGlobalSection
	GlobalSection(ExtensibilityGlobals) = postSolution
		SolutionGuid = {E8CA6547-2E6B-4C89-965B-0649A8559795}
	EndGlobalSection
EndGlobal
